
Microsoft Visual Studio Solution File, Format Version 12.00
# Visual Studio Version 16
VisualStudioVersion = 16.0.30114.105
MinimumVisualStudioVersion = 10.0.40219.1
Project("{FAE04EC0-301F-11D3-BF4B-00C04F79EFBC}") = "GQL.Workshop.App", "GQL.Workshop.App\GQL.Workshop.App.csproj", "{1D53DEDA-D467-4960-953E-58D07201377E}"
EndProject
Project("{FAE04EC0-301F-11D3-BF4B-00C04F79EFBC}") = "GQL.Workshop.App.Test", "GQL.Workshop.App.Test\GQL.Workshop.App.Test.csproj", "{19E755A3-F97D-4A22-8AB9-F773397C37E8}"
EndProject
Global
	GlobalSection(SolutionConfigurationPlatforms) = preSolution
		Debug|Any CPU = Debug|Any CPU
		Release|Any CPU = Release|Any CPU
	EndGlobalSection
	GlobalSection(SolutionProperties) = preSolution
		HideSolutionNode = FALSE
	EndGlobalSection
	GlobalSection(ProjectConfigurationPlatforms) = postSolution
		{1D53DEDA-D467-4960-953E-58D07201377E}.Debug|Any CPU.ActiveCfg = Debug|Any CPU
		{1D53DEDA-D467-4960-953E-58D07201377E}.Debug|Any CPU.Build.0 = Debug|Any CPU
		{1D53DEDA-D467-4960-953E-58D07201377E}.Release|Any CPU.ActiveCfg = Release|Any CPU
		{1D53DEDA-D467-4960-953E-58D07201377E}.Release|Any CPU.Build.0 = Release|Any CPU
		{19E755A3-F97D-4A22-8AB9-F773397C37E8}.Debug|Any CPU.ActiveCfg = Debug|Any CPU
		{19E755A3-F97D-4A22-8AB9-F773397C37E8}.Debug|Any CPU.Build.0 = Debug|Any CPU
		{19E755A3-F97D-4A22-8AB9-F773397C37E8}.Release|Any CPU.ActiveCfg = Release|Any CPU
		{19E755A3-F97D-4A22-8AB9-F773397C37E8}.Release|Any CPU.Build.0 = Release|Any CPU
	EndGlobalSection
EndGlobal
